
Microsoft Visual Studio Solution File, Format Version 12.00
# Visual Studio Version 16
VisualStudioVersion = 16.0.29509.3
MinimumVisualStudioVersion = 10.0.40219.1
Project("{FAE04EC0-301F-11D3-BF4B-00C04F79EFBC}") = "ReportBuilder", "ReportBuilder.csproj", "{55339503-D4C2-4FA9-8241-E411021B0364}"
EndProject
Global
	GlobalSection(SolutionConfigurationPlatforms) = preSolution
		Debug|Any CPU = Debug|Any CPU
		Release|Any CPU = Release|Any CPU
	EndGlobalSection
	GlobalSection(ProjectConfigurationPlatforms) = postSolution
		{55339503-D4C2-4FA9-8241-E411021B0364}.Debug|Any CPU.ActiveCfg = Debug|Any CPU
		{55339503-D4C2-4FA9-8241-E411021B0364}.Debug|Any CPU.Build.0 = Debug|Any CPU
		{55339503-D4C2-4FA9-8241-E411021B0364}.Release|Any CPU.ActiveCfg = Release|Any CPU
		{55339503-D4C2-4FA9-8241-E411021B0364}.Release|Any CPU.Build.0 = Release|Any CPU
	EndGlobalSection
	GlobalSection(SolutionProperties) = preSolution
		HideSolutionNode = FALSE
	EndGlobalSection
	GlobalSection(ExtensibilityGlobals) = postSolution
		SolutionGuid = {08DCB88D-B74C-4E54-BE48-869C632BF86D}
	EndGlobalSection
EndGlobal
